// !$*UTF8*$!
{
	archiveVersion = 1;
	classes = {
	};
	objectVersion = 50;
	objects = {

/* Begin PBXBuildFile section */
		A84D6B11269F656400664748 /* AppDelegate.swift in Sources */ = {isa = PBXBuildFile; fileRef = A84D6B10269F656400664748 /* AppDelegate.swift */; };
		A84D6B13269F656400664748 /* SceneDelegate.swift in Sources */ = {isa = PBXBuildFile; fileRef = A84D6B12269F656400664748 /* SceneDelegate.swift */; };
		A84D6B15269F656400664748 /* ViewController.swift in Sources */ = {isa = PBXBuildFile; fileRef = A84D6B14269F656400664748 /* ViewController.swift */; };
		A84D6B18269F656400664748 /* Main.storyboard in Resources */ = {isa = PBXBuildFile; fileRef = A84D6B16269F656400664748 /* Main.storyboard */; };
		A84D6B1B269F656400664748 /* About_me_Project.xcdatamodeld in Sources */ = {isa = PBXBuildFile; fileRef = A84D6B19269F656400664748 /* About_me_Project.xcdatamodeld */; };
		A84D6B1D269F656500664748 /* Assets.xcassets in Resources */ = {isa = PBXBuildFile; fileRef = A84D6B1C269F656500664748 /* Assets.xcassets */; };
		A84D6B20269F656500664748 /* LaunchScreen.storyboard in Resources */ = {isa = PBXBuildFile; fileRef = A84D6B1E269F656500664748 /* LaunchScreen.storyboard */; };
		A84D6B2B269F656500664748 /* About_me_ProjectTests.swift in Sources */ = {isa = PBXBuildFile; fileRef = A84D6B2A269F656500664748 /* About_me_ProjectTests.swift */; };
		A84D6B36269F656500664748 /* About_me_ProjectUITests.swift in Sources */ = {isa = PBXBuildFile; fileRef = A84D6B35269F656500664748 /* About_me_ProjectUITests.swift */; };
/* End PBXBuildFile section */

/* Begin PBXContainerItemProxy section */
		A84D6B27269F656500664748 /* PBXContainerItemProxy */ = {
			isa = PBXContainerItemProxy;
			containerPortal = A84D6B05269F656400664748 /* Project object */;
			proxyType = 1;
			remoteGlobalIDString = A84D6B0C269F656400664748;
			remoteInfo = "About me Project";
		};
		A84D6B32269F656500664748 /* PBXContainerItemProxy */ = {
			isa = PBXContainerItemProxy;
			containerPortal = A84D6B05269F656400664748 /* Project object */;
			proxyType = 1;
			remoteGlobalIDString = A84D6B0C269F656400664748;
			remoteInfo = "About me Project";
		};
/* End PBXContainerItemProxy section */

/* Begin PBXFileReference section */
		A84D6B0D269F656400664748 /* About me Project.app */ = {isa = PBXFileReference; explicitFileType = wrapper.application; includeInIndex = 0; path = "About me Project.app"; sourceTree = BUILT_PRODUCTS_DIR; };
		A84D6B10269F656400664748 /* AppDelegate.swift */ = {isa = PBXFileReference; lastKnownFileType = sourcecode.swift; path = AppDelegate.swift; sourceTree = "<group>"; };
		A84D6B12269F656400664748 /* SceneDelegate.swift */ = {isa = PBXFileReference; lastKnownFileType = sourcecode.swift; path = SceneDelegate.swift; sourceTree = "<group>"; };
		A84D6B14269F656400664748 /* ViewController.swift */ = {isa = PBXFileReference; lastKnownFileType = sourcecode.swift; path = ViewController.swift; sourceTree = "<group>"; };
		A84D6B17269F656400664748 /* Base */ = {isa = PBXFileReference; lastKnownFileType = file.storyboard; name = Base; path = Base.lproj/Main.storyboard; sourceTree = "<group>"; };
		A84D6B1A269F656400664748 /* About_me_Project.xcdatamodel */ = {isa = PBXFileReference; lastKnownFileType = wrapper.xcdatamodel; path = About_me_Project.xcdatamodel; sourceTree = "<group>"; };
		A84D6B1C269F656500664748 /* Assets.xcassets */ = {isa = PBXFileReference; lastKnownFileType = folder.assetcatalog; path = Assets.xcassets; sourceTree = "<group>"; };
		A84D6B1F269F656500664748 /* Base */ = {isa = PBXFileReference; lastKnownFileType = file.storyboard; name = Base; path = Base.lproj/LaunchScreen.storyboard; sourceTree = "<group>"; };
		A84D6B21269F656500664748 /* Info.plist */ = {isa = PBXFileReference; lastKnownFileType = text.plist.xml; path = Info.plist; sourceTree = "<group>"; };
		A84D6B26269F656500664748 /* About me ProjectTests.xctest */ = {isa = PBXFileReference; explicitFileType = wrapper.cfbundle; includeInIndex = 0; path = "About me ProjectTests.xctest"; sourceTree = BUILT_PRODUCTS_DIR; };
		A84D6B2A269F656500664748 /* About_me_ProjectTests.swift */ = {isa = PBXFileReference; lastKnownFileType = sourcecode.swift; path = About_me_ProjectTests.swift; sourceTree = "<group>"; };
		A84D6B2C269F656500664748 /* Info.plist */ = {isa = PBXFileReference; lastKnownFileType = text.plist.xml; path = Info.plist; sourceTree = "<group>"; };
		A84D6B31269F656500664748 /* About me ProjectUITests.xctest */ = {isa = PBXFileReference; explicitFileType = wrapper.cfbundle; includeInIndex = 0; path = "About me ProjectUITests.xctest"; sourceTree = BUILT_PRODUCTS_DIR; };
		A84D6B35269F656500664748 /* About_me_ProjectUITests.swift */ = {isa = PBXFileReference; lastKnownFileType = sourcecode.swift; path = About_me_ProjectUITests.swift; sourceTree = "<group>"; };
		A84D6B37269F656500664748 /* Info.plist */ = {isa = PBXFileReference; lastKnownFileType = text.plist.xml; path = Info.plist; sourceTree = "<group>"; };
/* End PBXFileReference section */

/* Begin PBXFrameworksBuildPhase section */
		A84D6B0A269F656400664748 /* Frameworks */ = {
			isa = PBXFrameworksBuildPhase;
			buildActionMask = 2147483647;
			files = (
			);
			runOnlyForDeploymentPostprocessing = 0;
		};
		A84D6B23269F656500664748 /* Frameworks */ = {
			isa = PBXFrameworksBuildPhase;
			buildActionMask = 2147483647;
			files = (
			);
			runOnlyForDeploymentPostprocessing = 0;
		};
		A84D6B2E269F656500664748 /* Frameworks */ = {
			isa = PBXFrameworksBuildPhase;
			buildActionMask = 2147483647;
			files = (
			);
			runOnlyForDeploymentPostprocessing = 0;
		};
/* End PBXFrameworksBuildPhase section */

/* Begin PBXGroup section */
		A84D6B04269F656400664748 = {
			isa = PBXGroup;
			children = (
				A84D6B0F269F656400664748 /* About me Project */,
				A84D6B29269F656500664748 /* About me ProjectTests */,
				A84D6B34269F656500664748 /* About me ProjectUITests */,
				A84D6B0E269F656400664748 /* Products */,
			);
			sourceTree = "<group>";
		};
		A84D6B0E269F656400664748 /* Products */ = {
			isa = PBXGroup;
			children = (
				A84D6B0D269F656400664748 /* About me Project.app */,
				A84D6B26269F656500664748 /* About me ProjectTests.xctest */,
				A84D6B31269F656500664748 /* About me ProjectUITests.xctest */,
			);
			name = Products;
			sourceTree = "<group>";
		};
		A84D6B0F269F656400664748 /* About me Project */ = {
			isa = PBXGroup;
			children = (
				A84D6B10269F656400664748 /* AppDelegate.swift */,
				A84D6B12269F656400664748 /* SceneDelegate.swift */,
				A84D6B14269F656400664748 /* ViewController.swift */,
				A84D6B16269F656400664748 /* Main.storyboard */,
				A84D6B1C269F656500664748 /* Assets.xcassets */,
				A84D6B1E269F656500664748 /* LaunchScreen.storyboard */,
				A84D6B21269F656500664748 /* Info.plist */,
				A84D6B19269F656400664748 /* About_me_Project.xcdatamodeld */,
			);
			path = "About me Project";
			sourceTree = "<group>";
		};
		A84D6B29269F656500664748 /* About me ProjectTests */ = {
			isa = PBXGroup;
			children = (
				A84D6B2A269F656500664748 /* About_me_ProjectTests.swift */,
				A84D6B2C269F656500664748 /* Info.plist */,
			);
			path = "About me ProjectTests";
			sourceTree = "<group>";
		};
		A84D6B34269F656500664748 /* About me ProjectUITests */ = {
			isa = PBXGroup;
			children = (
				A84D6B35269F656500664748 /* About_me_ProjectUITests.swift */,
				A84D6B37269F656500664748 /* Info.plist */,
			);
			path = "About me ProjectUITests";
			sourceTree = "<group>";
		};
/* End PBXGroup section */

/* Begin PBXNativeTarget section */
		A84D6B0C269F656400664748 /* About me Project */ = {
			isa = PBXNativeTarget;
			buildConfigurationList = A84D6B3A269F656500664748 /* Build configuration list for PBXNativeTarget "About me Project" */;
			buildPhases = (
				A84D6B09269F656400664748 /* Sources */,
				A84D6B0A269F656400664748 /* Frameworks */,
				A84D6B0B269F656400664748 /* Resources */,
			);
			buildRules = (
			);
			dependencies = (
			);
			name = "About me Project";
			productName = "About me Project";
			productReference = A84D6B0D269F656400664748 /* About me Project.app */;
			productType = "com.apple.product-type.application";
		};
		A84D6B25269F656500664748 /* About me ProjectTests */ = {
			isa = PBXNativeTarget;
			buildConfigurationList = A84D6B3D269F656500664748 /* Build configuration list for PBXNativeTarget "About me ProjectTests" */;
			buildPhases = (
				A84D6B22269F656500664748 /* Sources */,
				A84D6B23269F656500664748 /* Frameworks */,
				A84D6B24269F656500664748 /* Resources */,
			);
			buildRules = (
			);
			dependencies = (
				A84D6B28269F656500664748 /* PBXTargetDependency */,
			);
			name = "About me ProjectTests";
			productName = "About me ProjectTests";
			productReference = A84D6B26269F656500664748 /* About me ProjectTests.xctest */;
			productType = "com.apple.product-type.bundle.unit-test";
		};
		A84D6B30269F656500664748 /* About me ProjectUITests */ = {
			isa = PBXNativeTarget;
			buildConfigurationList = A84D6B40269F656500664748 /* Build configuration list for PBXNativeTarget "About me ProjectUITests" */;
			buildPhases = (
				A84D6B2D269F656500664748 /* Sources */,
				A84D6B2E269F656500664748 /* Frameworks */,
				A84D6B2F269F656500664748 /* Resources */,
			);
			buildRules = (
			);
			dependencies = (
				A84D6B33269F656500664748 /* PBXTargetDependency */,
			);
			name = "About me ProjectUITests";
			productName = "About me ProjectUITests";
			productReference = A84D6B31269F656500664748 /* About me ProjectUITests.xctest */;
			productType = "com.apple.product-type.bundle.ui-testing";
		};
/* End PBXNativeTarget section */

/* Begin PBXProject section */
		A84D6B05269F656400664748 /* Project object */ = {
			isa = PBXProject;
			attributes = {
				LastSwiftUpdateCheck = 1250;
				LastUpgradeCheck = 1250;
				TargetAttributes = {
					A84D6B0C269F656400664748 = {
						CreatedOnToolsVersion = 12.5;
					};
					A84D6B25269F656500664748 = {
						CreatedOnToolsVersion = 12.5;
						TestTargetID = A84D6B0C269F656400664748;
					};
					A84D6B30269F656500664748 = {
						CreatedOnToolsVersion = 12.5;
						TestTargetID = A84D6B0C269F656400664748;
					};
				};
			};
			buildConfigurationList = A84D6B08269F656400664748 /* Build configuration list for PBXProject "About me Project" */;
			compatibilityVersion = "Xcode 9.3";
			developmentRegion = en;
			hasScannedForEncodings = 0;
			knownRegions = (
				en,
				Base,
			);
			mainGroup = A84D6B04269F656400664748;
			productRefGroup = A84D6B0E269F656400664748 /* Products */;
			projectDirPath = "";
			projectRoot = "";
			targets = (
				A84D6B0C269F656400664748 /* About me Project */,
				A84D6B25269F656500664748 /* About me ProjectTests */,
				A84D6B30269F656500664748 /* About me ProjectUITests */,
			);
		};
/* End PBXProject section */

/* Begin PBXResourcesBuildPhase section */
		A84D6B0B269F656400664748 /* Resources */ = {
			isa = PBXResourcesBuildPhase;
			buildActionMask = 2147483647;
			files = (
				A84D6B20269F656500664748 /* LaunchScreen.storyboard in Resources */,
				A84D6B1D269F656500664748 /* Assets.xcassets in Resources */,
				A84D6B18269F656400664748 /* Main.storyboard in Resources */,
			);
			runOnlyForDeploymentPostprocessing = 0;
		};
		A84D6B24269F656500664748 /* Resources */ = {
			isa = PBXResourcesBuildPhase;
			buildActionMask = 2147483647;
			files = (
			);
			runOnlyForDeploymentPostprocessing = 0;
		};
		A84D6B2F269F656500664748 /* Resources */ = {
			isa = PBXResourcesBuildPhase;
			buildActionMask = 2147483647;
			files = (
			);
			runOnlyForDeploymentPostprocessing = 0;
		};
/* End PBXResourcesBuildPhase section */

/* Begin PBXSourcesBuildPhase section */
		A84D6B09269F656400664748 /* Sources */ = {
			isa = PBXSourcesBuildPhase;
			buildActionMask = 2147483647;
			files = (
				A84D6B15269F656400664748 /* ViewController.swift in Sources */,
				A84D6B11269F656400664748 /* AppDelegate.swift in Sources */,
				A84D6B13269F656400664748 /* SceneDelegate.swift in Sources */,
				A84D6B1B269F656400664748 /* About_me_Project.xcdatamodeld in Sources */,
			);
			runOnlyForDeploymentPostprocessing = 0;
		};
		A84D6B22269F656500664748 /* Sources */ = {
			isa = PBXSourcesBuildPhase;
			buildActionMask = 2147483647;
			files = (
				A84D6B2B269F656500664748 /* About_me_ProjectTests.swift in Sources */,
			);
			runOnlyForDeploymentPostprocessing = 0;
		};
		A84D6B2D269F656500664748 /* Sources */ = {
			isa = PBXSourcesBuildPhase;
			buildActionMask = 2147483647;
			files = (
				A84D6B36269F656500664748 /* About_me_ProjectUITests.swift in Sources */,
			);
			runOnlyForDeploymentPostprocessing = 0;
		};
/* End PBXSourcesBuildPhase section */

/* Begin PBXTargetDependency section */
		A84D6B28269F656500664748 /* PBXTargetDependency */ = {
			isa = PBXTargetDependency;
			target = A84D6B0C269F656400664748 /* About me Project */;
			targetProxy = A84D6B27269F656500664748 /* PBXContainerItemProxy */;
		};
		A84D6B33269F656500664748 /* PBXTargetDependency */ = {
			isa = PBXTargetDependency;
			target = A84D6B0C269F656400664748 /* About me Project */;
			targetProxy = A84D6B32269F656500664748 /* PBXContainerItemProxy */;
		};
/* End PBXTargetDependency section */

/* Begin PBXVariantGroup section */
		A84D6B16269F656400664748 /* Main.storyboard */ = {
			isa = PBXVariantGroup;
			children = (
				A84D6B17269F656400664748 /* Base */,
			);
			name = Main.storyboard;
			sourceTree = "<group>";
		};
		A84D6B1E269F656500664748 /* LaunchScreen.storyboard */ = {
			isa = PBXVariantGroup;
			children = (
				A84D6B1F269F656500664748 /* Base */,
			);
			name = LaunchScreen.storyboard;
			sourceTree = "<group>";
		};
/* End PBXVariantGroup section */

/* Begin XCBuildConfiguration section */
		A84D6B38269F656500664748 /* Debug */ = {
			isa = XCBuildConfiguration;
			buildSettings = {
				ALWAYS_SEARCH_USER_PATHS = NO;
				CLANG_ANALYZER_NONNULL = YES;
				CLANG_ANALYZER_NUMBER_OBJECT_CONVERSION = YES_AGGRESSIVE;
				CLANG_CXX_LANGUAGE_STANDARD = "gnu++14";
				CLANG_CXX_LIBRARY = "libc++";
				CLANG_ENABLE_MODULES = YES;
				CLANG_ENABLE_OBJC_ARC = YES;
				CLANG_ENABLE_OBJC_WEAK = YES;
				CLANG_WARN_BLOCK_CAPTURE_AUTORELEASING = YES;
				CLANG_WARN_BOOL_CONVERSION = YES;
				CLANG_WARN_COMMA = YES;
				CLANG_WARN_CONSTANT_CONVERSION = YES;
				CLANG_WARN_DEPRECATED_OBJC_IMPLEMENTATIONS = YES;
				CLANG_WARN_DIRECT_OBJC_ISA_USAGE = YES_ERROR;
				CLANG_WARN_DOCUMENTATION_COMMENTS = YES;
				CLANG_WARN_EMPTY_BODY = YES;
				CLANG_WARN_ENUM_CONVERSION = YES;
				CLANG_WARN_INFINITE_RECURSION = YES;
				CLANG_WARN_INT_CONVERSION = YES;
				CLANG_WARN_NON_LITERAL_NULL_CONVERSION = YES;
				CLANG_WARN_OBJC_IMPLICIT_RETAIN_SELF = YES;
				CLANG_WARN_OBJC_LITERAL_CONVERSION = YES;
				CLANG_WARN_OBJC_ROOT_CLASS = YES_ERROR;
				CLANG_WARN_QUOTED_INCLUDE_IN_FRAMEWORK_HEADER = YES;
				CLANG_WARN_RANGE_LOOP_ANALYSIS = YES;
				CLANG_WARN_STRICT_PROTOTYPES = YES;
				CLANG_WARN_SUSPICIOUS_MOVE = YES;
				CLANG_WARN_UNGUARDED_AVAILABILITY = YES_AGGRESSIVE;
				CLANG_WARN_UNREACHABLE_CODE = YES;
				CLANG_WARN__DUPLICATE_METHOD_MATCH = YES;
				COPY_PHASE_STRIP = NO;
				DEBUG_INFORMATION_FORMAT = dwarf;
				ENABLE_STRICT_OBJC_MSGSEND = YES;
				ENABLE_TESTABILITY = YES;
				GCC_C_LANGUAGE_STANDARD = gnu11;
				GCC_DYNAMIC_NO_PIC = NO;
				GCC_NO_COMMON_BLOCKS = YES;
				GCC_OPTIMIZATION_LEVEL = 0;
				GCC_PREPROCESSOR_DEFINITIONS = (
					"DEBUG=1",
					"$(inherited)",
				);
				GCC_WARN_64_TO_32_BIT_CONVERSION = YES;
				GCC_WARN_ABOUT_RETURN_TYPE = YES_ERROR;
				GCC_WARN_UNDECLARED_SELECTOR = YES;
				GCC_WARN_UNINITIALIZED_AUTOS = YES_AGGRESSIVE;
				GCC_WARN_UNUSED_FUNCTION = YES;
				GCC_WARN_UNUSED_VARIABLE = YES;
				IPHONEOS_DEPLOYMENT_TARGET = 14.5;
				MTL_ENABLE_DEBUG_INFO = INCLUDE_SOURCE;
				MTL_FAST_MATH = YES;
				ONLY_ACTIVE_ARCH = YES;
				SDKROOT = iphoneos;
				SWIFT_ACTIVE_COMPILATION_CONDITIONS = DEBUG;
				SWIFT_OPTIMIZATION_LEVEL = "-Onone";
			};
			name = Debug;
		};
		A84D6B39269F656500664748 /* Release */ = {
			isa = XCBuildConfiguration;
			buildSettings = {
				ALWAYS_SEARCH_USER_PATHS = NO;
				CLANG_ANALYZER_NONNULL = YES;
				CLANG_ANALYZER_NUMBER_OBJECT_CONVERSION = YES_AGGRESSIVE;
				CLANG_CXX_LANGUAGE_STANDARD = "gnu++14";
				CLANG_CXX_LIBRARY = "libc++";
				CLANG_ENABLE_MODULES = YES;
				CLANG_ENABLE_OBJC_ARC = YES;
				CLANG_ENABLE_OBJC_WEAK = YES;
				CLANG_WARN_BLOCK_CAPTURE_AUTORELEASING = YES;
				CLANG_WARN_BOOL_CONVERSION = YES;
				CLANG_WARN_COMMA = YES;
				CLANG_WARN_CONSTANT_CONVERSION = YES;
				CLANG_WARN_DEPRECATED_OBJC_IMPLEMENTATIONS = YES;
				CLANG_WARN_DIRECT_OBJC_ISA_USAGE = YES_ERROR;
				CLANG_WARN_DOCUMENTATION_COMMENTS = YES;
				CLANG_WARN_EMPTY_BODY = YES;
				CLANG_WARN_ENUM_CONVERSION = YES;
				CLANG_WARN_INFINITE_RECURSION = YES;
				CLANG_WARN_INT_CONVERSION = YES;
				CLANG_WARN_NON_LITERAL_NULL_CONVERSION = YES;
				CLANG_WARN_OBJC_IMPLICIT_RETAIN_SELF = YES;
				CLANG_WARN_OBJC_LITERAL_CONVERSION = YES;
				CLANG_WARN_OBJC_ROOT_CLASS = YES_ERROR;
				CLANG_WARN_QUOTED_INCLUDE_IN_FRAMEWORK_HEADER = YES;
				CLANG_WARN_RANGE_LOOP_ANALYSIS = YES;
				CLANG_WARN_STRICT_PROTOTYPES = YES;
				CLANG_WARN_SUSPICIOUS_MOVE = YES;
				CLANG_WARN_UNGUARDED_AVAILABILITY = YES_AGGRESSIVE;
				CLANG_WARN_UNREACHABLE_CODE = YES;
				CLANG_WARN__DUPLICATE_METHOD_MATCH = YES;
				COPY_PHASE_STRIP = NO;
				DEBUG_INFORMATION_FORMAT = "dwarf-with-dsym";
				ENABLE_NS_ASSERTIONS = NO;
				ENABLE_STRICT_OBJC_MSGSEND = YES;
				GCC_C_LANGUAGE_STANDARD = gnu11;
				GCC_NO_COMMON_BLOCKS = YES;
				GCC_WARN_64_TO_32_BIT_CONVERSION = YES;
				GCC_WARN_ABOUT_RETURN_TYPE = YES_ERROR;
				GCC_WARN_UNDECLARED_SELECTOR = YES;
				GCC_WARN_UNINITIALIZED_AUTOS = YES_AGGRESSIVE;
				GCC_WARN_UNUSED_FUNCTION = YES;
				GCC_WARN_UNUSED_VARIABLE = YES;
				IPHONEOS_DEPLOYMENT_TARGET = 14.5;
				MTL_ENABLE_DEBUG_INFO = NO;
				MTL_FAST_MATH = YES;
				SDKROOT = iphoneos;
				SWIFT_COMPILATION_MODE = wholemodule;
				SWIFT_OPTIMIZATION_LEVEL = "-O";
				VALIDATE_PRODUCT = YES;
			};
			name = Release;
		};
		A84D6B3B269F656500664748 /* Debug */ = {
			isa = XCBuildConfiguration;
			buildSettings = {
				ASSETCATALOG_COMPILER_APPICON_NAME = AppIcon;
				ASSETCATALOG_COMPILER_GLOBAL_ACCENT_COLOR_NAME = AccentColor;
				CODE_SIGN_STYLE = Automatic;
				INFOPLIST_FILE = "About me Project/Info.plist";
				LD_RUNPATH_SEARCH_PATHS = (
					"$(inherited)",
					"@executable_path/Frameworks",
				);
				PRODUCT_BUNDLE_IDENTIFIER = "Jennifer-Rajesh.About-me-Project";
				PRODUCT_NAME = "$(TARGET_NAME)";
				SWIFT_VERSION = 5.0;
				TARGETED_DEVICE_FAMILY = "1,2";
			};
			name = Debug;
		};
		A84D6B3C269F656500664748 /* Release */ = {
			isa = XCBuildConfiguration;
			buildSettings = {
				ASSETCATALOG_COMPILER_APPICON_NAME = AppIcon;
				ASSETCATALOG_COMPILER_GLOBAL_ACCENT_COLOR_NAME = AccentColor;
				CODE_SIGN_STYLE = Automatic;
				INFOPLIST_FILE = "About me Project/Info.plist";
				LD_RUNPATH_SEARCH_PATHS = (
					"$(inherited)",
					"@executable_path/Frameworks",
				);
				PRODUCT_BUNDLE_IDENTIFIER = "Jennifer-Rajesh.About-me-Project";
				PRODUCT_NAME = "$(TARGET_NAME)";
				SWIFT_VERSION = 5.0;
				TARGETED_DEVICE_FAMILY = "1,2";
			};
			name = Release;
		};
		A84D6B3E269F656500664748 /* Debug */ = {
			isa = XCBuildConfiguration;
			buildSettings = {
				ALWAYS_EMBED_SWIFT_STANDARD_LIBRARIES = YES;
				BUNDLE_LOADER = "$(TEST_HOST)";
				CODE_SIGN_STYLE = Automatic;
				INFOPLIST_FILE = "About me ProjectTests/Info.plist";
				IPHONEOS_DEPLOYMENT_TARGET = 14.5;
				LD_RUNPATH_SEARCH_PATHS = (
					"$(inherited)",
					"@executable_path/Frameworks",
					"@loader_path/Frameworks",
				);
				PRODUCT_BUNDLE_IDENTIFIER = "Jennifer-Rajesh.About-me-ProjectTests";
				PRODUCT_NAME = "$(TARGET_NAME)";
				SWIFT_VERSION = 5.0;
				TARGETED_DEVICE_FAMILY = "1,2";
				TEST_HOST = "$(BUILT_PRODUCTS_DIR)/About me Project.app/About me Project";
			};
			name = Debug;
		};
		A84D6B3F269F656500664748 /* Release */ = {
			isa = XCBuildConfiguration;
			buildSettings = {
				ALWAYS_EMBED_SWIFT_STANDARD_LIBRARIES = YES;
				BUNDLE_LOADER = "$(TEST_HOST)";
				CODE_SIGN_STYLE = Automatic;
				INFOPLIST_FILE = "About me ProjectTests/Info.plist";
				IPHONEOS_DEPLOYMENT_TARGET = 14.5;
				LD_RUNPATH_SEARCH_PATHS = (
					"$(inherited)",
					"@executable_path/Frameworks",
					"@loader_path/Frameworks",
				);
				PRODUCT_BUNDLE_IDENTIFIER = "Jennifer-Rajesh.About-me-ProjectTests";
				PRODUCT_NAME = "$(TARGET_NAME)";
				SWIFT_VERSION = 5.0;
				TARGETED_DEVICE_FAMILY = "1,2";
				TEST_HOST = "$(BUILT_PRODUCTS_DIR)/About me Project.app/About me Project";
			};
			name = Release;
		};
		A84D6B41269F656500664748 /* Debug */ = {
			isa = XCBuildConfiguration;
			buildSettings = {
				ALWAYS_EMBED_SWIFT_STANDARD_LIBRARIES = YES;
				CODE_SIGN_STYLE = Automatic;
				INFOPLIST_FILE = "About me ProjectUITests/Info.plist";
				LD_RUNPATH_SEARCH_PATHS = (
					"$(inherited)",
					"@executable_path/Frameworks",
					"@loader_path/Frameworks",
				);
				PRODUCT_BUNDLE_IDENTIFIER = "Jennifer-Rajesh.About-me-ProjectUITests";
				PRODUCT_NAME = "$(TARGET_NAME)";
				SWIFT_VERSION = 5.0;
				TARGETED_DEVICE_FAMILY = "1,2";
				TEST_TARGET_NAME = "About me Project";
			};
			name = Debug;
		};
		A84D6B42269F656500664748 /* Release */ = {
			isa = XCBuildConfiguration;
			buildSettings = {
				ALWAYS_EMBED_SWIFT_STANDARD_LIBRARIES = YES;
				CODE_SIGN_STYLE = Automatic;
				INFOPLIST_FILE = "About me ProjectUITests/Info.plist";
				LD_RUNPATH_SEARCH_PATHS = (
					"$(inherited)",
					"@executable_path/Frameworks",
					"@loader_path/Frameworks",
				);
				PRODUCT_BUNDLE_IDENTIFIER = "Jennifer-Rajesh.About-me-ProjectUITests";
				PRODUCT_NAME = "$(TARGET_NAME)";
				SWIFT_VERSION = 5.0;
				TARGETED_DEVICE_FAMILY = "1,2";
				TEST_TARGET_NAME = "About me Project";
			};
			name = Release;
		};
/* End XCBuildConfiguration section */

/* Begin XCConfigurationList section */
		A84D6B08269F656400664748 /* Build configuration list for PBXProject "About me Project" */ = {
			isa = XCConfigurationList;
			buildConfigurations = (
				A84D6B38269F656500664748 /* Debug */,
				A84D6B39269F656500664748 /* Release */,
			);
			defaultConfigurationIsVisible = 0;
			defaultConfigurationName = Release;
		};
		A84D6B3A269F656500664748 /* Build configuration list for PBXNativeTarget "About me Project" */ = {
			isa = XCConfigurationList;
			buildConfigurations = (
				A84D6B3B269F656500664748 /* Debug */,
				A84D6B3C269F656500664748 /* Release */,
			);
			defaultConfigurationIsVisible = 0;
			defaultConfigurationName = Release;
		};
		A84D6B3D269F656500664748 /* Build configuration list for PBXNativeTarget "About me ProjectTests" */ = {
			isa = XCConfigurationList;
			buildConfigurations = (
				A84D6B3E269F656500664748 /* Debug */,
				A84D6B3F269F656500664748 /* Release */,
			);
			defaultConfigurationIsVisible = 0;
			defaultConfigurationName = Release;
		};
		A84D6B40269F656500664748 /* Build configuration list for PBXNativeTarget "About me ProjectUITests" */ = {
			isa = XCConfigurationList;
			buildConfigurations = (
				A84D6B41269F656500664748 /* Debug */,
				A84D6B42269F656500664748 /* Release */,
			);
			defaultConfigurationIsVisible = 0;
			defaultConfigurationName = Release;
		};
/* End XCConfigurationList section */

/* Begin XCVersionGroup section */
		A84D6B19269F656400664748 /* About_me_Project.xcdatamodeld */ = {
			isa = XCVersionGroup;
			children = (
				A84D6B1A269F656400664748 /* About_me_Project.xcdatamodel */,
			);
			currentVersion = A84D6B1A269F656400664748 /* About_me_Project.xcdatamodel */;
			path = About_me_Project.xcdatamodeld;
			sourceTree = "<group>";
			versionGroupType = wrapper.xcdatamodel;
		};
/* End XCVersionGroup section */
	};
	rootObject = A84D6B05269F656400664748 /* Project object */;
}
